{
    "_readme": [
        "This file locks the dependencies of your project to a known state",
        "Read more about it at https://getcomposer.org/doc/01-basic-usage.md#composer-lock-the-lock-file",
        "This file is @generated automatically"
    ],
    "content-hash": "a1ae26afe62d686004b9c449eabac8e7",
    "packages": [
        {
            "name": "menarasolutions/geographer",
            "version": "v0.3.3",
            "source": {
                "type": "git",
                "url": "https://github.com/MenaraSolutions/geographer.git",
                "reference": "ad1c3cd26b66b014bbff0293488a4a3a30cf91f1"
            },
            "dist": {
                "type": "zip",
                "url": "https://api.github.com/repos/MenaraSolutions/geographer/zipball/ad1c3cd26b66b014bbff0293488a4a3a30cf91f1",
                "reference": "ad1c3cd26b66b014bbff0293488a4a3a30cf91f1",
                "shasum": ""
            },
            "require": {
                "menarasolutions/geographer-data": "^0.1.0",
                "php": ">=5.5.0"
            },
            "require-dev": {
                "codeclimate/php-test-reporter": "dev-master",
                "illuminate/support": "5.*",
                "menarasolutions/geographer-de": "0.*",
                "menarasolutions/geographer-ru": "0.*",
                "phpunit/phpunit": "4.*|5.*"
            },
            "type": "library",
            "extra": {
                "branch-alias": {
                    "dev-master": "0.4-dev"
                }
            },
            "autoload": {
                "psr-4": {
                    "MenaraSolutions\\Geographer\\": "src/"
                }
            },
            "notification-url": "https://packagist.org/downloads/",
            "license": [
                "MIT"
            ],
            "authors": [
                {
                    "name": "Denis Mysenko",
                    "email": "denis@menara.com.au",
                    "homepage": "https://www.menara.com.au"
                }
            ],
            "description": "A PHP library that knows how any country, state or city is called in any language",
            "homepage": "https://github.com/MenaraSolutions/geographer",
            "keywords": [
                "geo",
                "geolocation",
                "geonames",
                "localization"
            ],
            "time": "2017-02-11T14:01:07+00:00"
        },
        {
            "name": "menarasolutions/geographer-data",
            "version": "v0.1.5",
            "source": {
                "type": "git",
                "url": "https://github.com/MenaraSolutions/geographer-data.git",
                "reference": "6c8eb1f3d049c160836d0743f5f8343b3c02a463"
            },
            "dist": {
                "type": "zip",
                "url": "https://api.github.com/repos/MenaraSolutions/geographer-data/zipball/6c8eb1f3d049c160836d0743f5f8343b3c02a463",
                "reference": "6c8eb1f3d049c160836d0743f5f8343b3c02a463",
                "shasum": ""
            },
            "type": "library",
            "autoload": {
                "psr-4": {
                    "MenaraSolutions\\Geographer\\Helpers\\": "helpers/"
                }
            },
            "notification-url": "https://packagist.org/downloads/",
            "license": [
                "MIT"
            ],
            "authors": [
                {
                    "name": "Denis Mysenko",
                    "email": "denis@menara.com.au",
                    "homepage": "https://www.menara.com.au"
                }
            ],
            "description": "Basic data package for Geographer - countries and their subdivisions",
            "homepage": "https://github.com/MenaraSolutions/geographer-data",
            "keywords": [
                "geographer",
                "geolocation",
                "localization"
            ],
            "time": "2016-12-26T04:45:11+00:00"
        }
    ],
    "packages-dev": [],
    "aliases": [],
    "minimum-stability": "stable",
    "stability-flags": [],
    "prefer-stable": false,
    "prefer-lowest": false,
    "platform": [],
    "platform-dev": []
}
